// !$*UTF8*$!
{
	archiveVersion = 1;
	classes = {
	};
	objectVersion = 55;
	objects = {

/* Begin PBXBuildFile section */
		B85251D8281B2E8100C69760 /* RestaurantDetailViewController.swift in Sources */ = {isa = PBXBuildFile; fileRef = B85251D7281B2E8100C69760 /* RestaurantDetailViewController.swift */; };
		B8C1B712281A51E300820F2D /* AppDelegate.swift in Sources */ = {isa = PBXBuildFile; fileRef = B8C1B711281A51E300820F2D /* AppDelegate.swift */; };
		B8C1B714281A51E300820F2D /* SceneDelegate.swift in Sources */ = {isa = PBXBuildFile; fileRef = B8C1B713281A51E300820F2D /* SceneDelegate.swift */; };
		B8C1B716281A51E300820F2D /* RestaurantsViewController.swift in Sources */ = {isa = PBXBuildFile; fileRef = B8C1B715281A51E300820F2D /* RestaurantsViewController.swift */; };
		B8C1B719281A51E300820F2D /* Main.storyboard in Resources */ = {isa = PBXBuildFile; fileRef = B8C1B717281A51E300820F2D /* Main.storyboard */; };
		B8C1B71B281A51E400820F2D /* Assets.xcassets in Resources */ = {isa = PBXBuildFile; fileRef = B8C1B71A281A51E400820F2D /* Assets.xcassets */; };
		B8C1B71E281A51E400820F2D /* LaunchScreen.storyboard in Resources */ = {isa = PBXBuildFile; fileRef = B8C1B71C281A51E400820F2D /* LaunchScreen.storyboard */; };
		B8C1B726281A526A00820F2D /* Restaurant.swift in Sources */ = {isa = PBXBuildFile; fileRef = B8C1B725281A526A00820F2D /* Restaurant.swift */; };
		B8C1B729281A627F00820F2D /* RestaurantTableViewCell.swift in Sources */ = {isa = PBXBuildFile; fileRef = B8C1B728281A627F00820F2D /* RestaurantTableViewCell.swift */; };
/* End PBXBuildFile section */

/* Begin PBXFileReference section */
		B85251D7281B2E8100C69760 /* RestaurantDetailViewController.swift */ = {isa = PBXFileReference; lastKnownFileType = sourcecode.swift; path = RestaurantDetailViewController.swift; sourceTree = "<group>"; };
		B8C1B70E281A51E300820F2D /* RestaurantList.app */ = {isa = PBXFileReference; explicitFileType = wrapper.application; includeInIndex = 0; path = RestaurantList.app; sourceTree = BUILT_PRODUCTS_DIR; };
		B8C1B711281A51E300820F2D /* AppDelegate.swift */ = {isa = PBXFileReference; lastKnownFileType = sourcecode.swift; path = AppDelegate.swift; sourceTree = "<group>"; };
		B8C1B713281A51E300820F2D /* SceneDelegate.swift */ = {isa = PBXFileReference; lastKnownFileType = sourcecode.swift; path = SceneDelegate.swift; sourceTree = "<group>"; };
		B8C1B715281A51E300820F2D /* RestaurantsViewController.swift */ = {isa = PBXFileReference; lastKnownFileType = sourcecode.swift; path = RestaurantsViewController.swift; sourceTree = "<group>"; };
		B8C1B718281A51E300820F2D /* Base */ = {isa = PBXFileReference; lastKnownFileType = file.storyboard; name = Base; path = Base.lproj/Main.storyboard; sourceTree = "<group>"; };
		B8C1B71A281A51E400820F2D /* Assets.xcassets */ = {isa = PBXFileReference; lastKnownFileType = folder.assetcatalog; path = Assets.xcassets; sourceTree = "<group>"; };
		B8C1B71D281A51E400820F2D /* Base */ = {isa = PBXFileReference; lastKnownFileType = file.storyboard; name = Base; path = Base.lproj/LaunchScreen.storyboard; sourceTree = "<group>"; };
		B8C1B71F281A51E400820F2D /* Info.plist */ = {isa = PBXFileReference; lastKnownFileType = text.plist.xml; path = Info.plist; sourceTree = "<group>"; };
		B8C1B725281A526A00820F2D /* Restaurant.swift */ = {isa = PBXFileReference; lastKnownFileType = sourcecode.swift; path = Restaurant.swift; sourceTree = "<group>"; };
		B8C1B728281A627F00820F2D /* RestaurantTableViewCell.swift */ = {isa = PBXFileReference; lastKnownFileType = sourcecode.swift; path = RestaurantTableViewCell.swift; sourceTree = "<group>"; };
/* End PBXFileReference section */

/* Begin PBXFrameworksBuildPhase section */
		B8C1B70B281A51E300820F2D /* Frameworks */ = {
			isa = PBXFrameworksBuildPhase;
			buildActionMask = 2147483647;
			files = (
			);
			runOnlyForDeploymentPostprocessing = 0;
		};
/* End PBXFrameworksBuildPhase section */

/* Begin PBXGroup section */
		B8C1B705281A51E300820F2D = {
			isa = PBXGroup;
			children = (
				B8C1B710281A51E300820F2D /* RestaurantList */,
				B8C1B70F281A51E300820F2D /* Products */,
			);
			sourceTree = "<group>";
		};
		B8C1B70F281A51E300820F2D /* Products */ = {
			isa = PBXGroup;
			children = (
				B8C1B70E281A51E300820F2D /* RestaurantList.app */,
			);
			name = Products;
			sourceTree = "<group>";
		};
		B8C1B710281A51E300820F2D /* RestaurantList */ = {
			isa = PBXGroup;
			children = (
				B8C1B711281A51E300820F2D /* AppDelegate.swift */,
				B8C1B713281A51E300820F2D /* SceneDelegate.swift */,
				B8C1B72A281A787800820F2D /* View */,
				B8C1B717281A51E300820F2D /* Main.storyboard */,
				B8C1B71A281A51E400820F2D /* Assets.xcassets */,
				B8C1B71C281A51E400820F2D /* LaunchScreen.storyboard */,
				B8C1B71F281A51E400820F2D /* Info.plist */,
				B8C1B727281A528100820F2D /* Models */,
			);
			path = RestaurantList;
			sourceTree = "<group>";
		};
		B8C1B727281A528100820F2D /* Models */ = {
			isa = PBXGroup;
			children = (
				B8C1B725281A526A00820F2D /* Restaurant.swift */,
			);
			path = Models;
			sourceTree = "<group>";
		};
		B8C1B72A281A787800820F2D /* View */ = {
			isa = PBXGroup;
			children = (
				B8C1B715281A51E300820F2D /* RestaurantsViewController.swift */,
				B85251D7281B2E8100C69760 /* RestaurantDetailViewController.swift */,
				B8C1B728281A627F00820F2D /* RestaurantTableViewCell.swift */,
			);
			path = View;
			sourceTree = "<group>";
		};
/* End PBXGroup section */

/* Begin PBXNativeTarget section */
		B8C1B70D281A51E300820F2D /* RestaurantList */ = {
			isa = PBXNativeTarget;
			buildConfigurationList = B8C1B722281A51E400820F2D /* Build configuration list for PBXNativeTarget "RestaurantList" */;
			buildPhases = (
				B8C1B70A281A51E300820F2D /* Sources */,
				B8C1B70B281A51E300820F2D /* Frameworks */,
				B8C1B70C281A51E300820F2D /* Resources */,
			);
			buildRules = (
			);
			dependencies = (
			);
			name = RestaurantList;
			productName = RestaurantList;
			productReference = B8C1B70E281A51E300820F2D /* RestaurantList.app */;
			productType = "com.apple.product-type.application";
		};
/* End PBXNativeTarget section */

/* Begin PBXProject section */
		B8C1B706281A51E300820F2D /* Project object */ = {
			isa = PBXProject;
			attributes = {
				BuildIndependentTargetsInParallel = 1;
				LastSwiftUpdateCheck = 1330;
				LastUpgradeCheck = 1330;
				TargetAttributes = {
					B8C1B70D281A51E300820F2D = {
						CreatedOnToolsVersion = 13.3.1;
					};
				};
			};
			buildConfigurationList = B8C1B709281A51E300820F2D /* Build configuration list for PBXProject "RestaurantList" */;
			compatibilityVersion = "Xcode 13.0";
			developmentRegion = en;
			hasScannedForEncodings = 0;
			knownRegions = (
				en,
				Base,
			);
			mainGroup = B8C1B705281A51E300820F2D;
			productRefGroup = B8C1B70F281A51E300820F2D /* Products */;
			projectDirPath = "";
			projectRoot = "";
			targets = (
				B8C1B70D281A51E300820F2D /* RestaurantList */,
			);
		};
/* End PBXProject section */

/* Begin PBXResourcesBuildPhase section */
		B8C1B70C281A51E300820F2D /* Resources */ = {
			isa = PBXResourcesBuildPhase;
			buildActionMask = 2147483647;
			files = (
				B8C1B71E281A51E400820F2D /* LaunchScreen.storyboard in Resources */,
				B8C1B71B281A51E400820F2D /* Assets.xcassets in Resources */,
				B8C1B719281A51E300820F2D /* Main.storyboard in Resources */,
			);
			runOnlyForDeploymentPostprocessing = 0;
		};
/* End PBXResourcesBuildPhase section */

/* Begin PBXSourcesBuildPhase section */
		B8C1B70A281A51E300820F2D /* Sources */ = {
			isa = PBXSourcesBuildPhase;
			buildActionMask = 2147483647;
			files = (
				B8C1B729281A627F00820F2D /* RestaurantTableViewCell.swift in Sources */,
				B8C1B726281A526A00820F2D /* Restaurant.swift in Sources */,
				B8C1B716281A51E300820F2D /* RestaurantsViewController.swift in Sources */,
				B8C1B712281A51E300820F2D /* AppDelegate.swift in Sources */,
				B85251D8281B2E8100C69760 /* RestaurantDetailViewController.swift in Sources */,
				B8C1B714281A51E300820F2D /* SceneDelegate.swift in Sources */,
			);
			runOnlyForDeploymentPostprocessing = 0;
		};
/* End PBXSourcesBuildPhase section */

/* Begin PBXVariantGroup section */
		B8C1B717281A51E300820F2D /* Main.storyboard */ = {
			isa = PBXVariantGroup;
			children = (
				B8C1B718281A51E300820F2D /* Base */,
			);
			name = Main.storyboard;
			sourceTree = "<group>";
		};
		B8C1B71C281A51E400820F2D /* LaunchScreen.storyboard */ = {
			isa = PBXVariantGroup;
			children = (
				B8C1B71D281A51E400820F2D /* Base */,
			);
			name = LaunchScreen.storyboard;
			sourceTree = "<group>";
		};
/* End PBXVariantGroup section */

/* Begin XCBuildConfiguration section */
		B8C1B720281A51E400820F2D /* Debug */ = {
			isa = XCBuildConfiguration;
			buildSettings = {
				ALWAYS_SEARCH_USER_PATHS = NO;
				CLANG_ANALYZER_NONNULL = YES;
				CLANG_ANALYZER_NUMBER_OBJECT_CONVERSION = YES_AGGRESSIVE;
				CLANG_CXX_LANGUAGE_STANDARD = "gnu++17";
				CLANG_ENABLE_MODULES = YES;
				CLANG_ENABLE_OBJC_ARC = YES;
				CLANG_ENABLE_OBJC_WEAK = YES;
				CLANG_WARN_BLOCK_CAPTURE_AUTORELEASING = YES;
				CLANG_WARN_BOOL_CONVERSION = YES;
				CLANG_WARN_COMMA = YES;
				CLANG_WARN_CONSTANT_CONVERSION = YES;
				CLANG_WARN_DEPRECATED_OBJC_IMPLEMENTATIONS = YES;
				CLANG_WARN_DIRECT_OBJC_ISA_USAGE = YES_ERROR;
				CLANG_WARN_DOCUMENTATION_COMMENTS = YES;
				CLANG_WARN_EMPTY_BODY = YES;
				CLANG_WARN_ENUM_CONVERSION = YES;
				CLANG_WARN_INFINITE_RECURSION = YES;
				CLANG_WARN_INT_CONVERSION = YES;
				CLANG_WARN_NON_LITERAL_NULL_CONVERSION = YES;
				CLANG_WARN_OBJC_IMPLICIT_RETAIN_SELF = YES;
				CLANG_WARN_OBJC_LITERAL_CONVERSION = YES;
				CLANG_WARN_OBJC_ROOT_CLASS = YES_ERROR;
				CLANG_WARN_QUOTED_INCLUDE_IN_FRAMEWORK_HEADER = YES;
				CLANG_WARN_RANGE_LOOP_ANALYSIS = YES;
				CLANG_WARN_STRICT_PROTOTYPES = YES;
				CLANG_WARN_SUSPICIOUS_MOVE = YES;
				CLANG_WARN_UNGUARDED_AVAILABILITY = YES_AGGRESSIVE;
				CLANG_WARN_UNREACHABLE_CODE = YES;
				CLANG_WARN__DUPLICATE_METHOD_MATCH = YES;
				COPY_PHASE_STRIP = NO;
				DEBUG_INFORMATION_FORMAT = dwarf;
				ENABLE_STRICT_OBJC_MSGSEND = YES;
				ENABLE_TESTABILITY = YES;
				GCC_C_LANGUAGE_STANDARD = gnu11;
				GCC_DYNAMIC_NO_PIC = NO;
				GCC_NO_COMMON_BLOCKS = YES;
				GCC_OPTIMIZATION_LEVEL = 0;
				GCC_PREPROCESSOR_DEFINITIONS = (
					"DEBUG=1",
					"$(inherited)",
				);
				GCC_WARN_64_TO_32_BIT_CONVERSION = YES;
				GCC_WARN_ABOUT_RETURN_TYPE = YES_ERROR;
				GCC_WARN_UNDECLARED_SELECTOR = YES;
				GCC_WARN_UNINITIALIZED_AUTOS = YES_AGGRESSIVE;
				GCC_WARN_UNUSED_FUNCTION = YES;
				GCC_WARN_UNUSED_VARIABLE = YES;
				IPHONEOS_DEPLOYMENT_TARGET = 15.4;
				MTL_ENABLE_DEBUG_INFO = INCLUDE_SOURCE;
				MTL_FAST_MATH = YES;
				ONLY_ACTIVE_ARCH = YES;
				SDKROOT = iphoneos;
				SWIFT_ACTIVE_COMPILATION_CONDITIONS = DEBUG;
				SWIFT_OPTIMIZATION_LEVEL = "-Onone";
			};
			name = Debug;
		};
		B8C1B721281A51E400820F2D /* Release */ = {
			isa = XCBuildConfiguration;
			buildSettings = {
				ALWAYS_SEARCH_USER_PATHS = NO;
				CLANG_ANALYZER_NONNULL = YES;
				CLANG_ANALYZER_NUMBER_OBJECT_CONVERSION = YES_AGGRESSIVE;
				CLANG_CXX_LANGUAGE_STANDARD = "gnu++17";
				CLANG_ENABLE_MODULES = YES;
				CLANG_ENABLE_OBJC_ARC = YES;
				CLANG_ENABLE_OBJC_WEAK = YES;
				CLANG_WARN_BLOCK_CAPTURE_AUTORELEASING = YES;
				CLANG_WARN_BOOL_CONVERSION = YES;
				CLANG_WARN_COMMA = YES;
				CLANG_WARN_CONSTANT_CONVERSION = YES;
				CLANG_WARN_DEPRECATED_OBJC_IMPLEMENTATIONS = YES;
				CLANG_WARN_DIRECT_OBJC_ISA_USAGE = YES_ERROR;
				CLANG_WARN_DOCUMENTATION_COMMENTS = YES;
				CLANG_WARN_EMPTY_BODY = YES;
				CLANG_WARN_ENUM_CONVERSION = YES;
				CLANG_WARN_INFINITE_RECURSION = YES;
				CLANG_WARN_INT_CONVERSION = YES;
				CLANG_WARN_NON_LITERAL_NULL_CONVERSION = YES;
				CLANG_WARN_OBJC_IMPLICIT_RETAIN_SELF = YES;
				CLANG_WARN_OBJC_LITERAL_CONVERSION = YES;
				CLANG_WARN_OBJC_ROOT_CLASS = YES_ERROR;
				CLANG_WARN_QUOTED_INCLUDE_IN_FRAMEWORK_HEADER = YES;
				CLANG_WARN_RANGE_LOOP_ANALYSIS = YES;
				CLANG_WARN_STRICT_PROTOTYPES = YES;
				CLANG_WARN_SUSPICIOUS_MOVE = YES;
				CLANG_WARN_UNGUARDED_AVAILABILITY = YES_AGGRESSIVE;
				CLANG_WARN_UNREACHABLE_CODE = YES;
				CLANG_WARN__DUPLICATE_METHOD_MATCH = YES;
				COPY_PHASE_STRIP = NO;
				DEBUG_INFORMATION_FORMAT = "dwarf-with-dsym";
				ENABLE_NS_ASSERTIONS = NO;
				ENABLE_STRICT_OBJC_MSGSEND = YES;
				GCC_C_LANGUAGE_STANDARD = gnu11;
				GCC_NO_COMMON_BLOCKS = YES;
				GCC_WARN_64_TO_32_BIT_CONVERSION = YES;
				GCC_WARN_ABOUT_RETURN_TYPE = YES_ERROR;
				GCC_WARN_UNDECLARED_SELECTOR = YES;
				GCC_WARN_UNINITIALIZED_AUTOS = YES_AGGRESSIVE;
				GCC_WARN_UNUSED_FUNCTION = YES;
				GCC_WARN_UNUSED_VARIABLE = YES;
				IPHONEOS_DEPLOYMENT_TARGET = 15.4;
				MTL_ENABLE_DEBUG_INFO = NO;
				MTL_FAST_MATH = YES;
				SDKROOT = iphoneos;
				SWIFT_COMPILATION_MODE = wholemodule;
				SWIFT_OPTIMIZATION_LEVEL = "-O";
				VALIDATE_PRODUCT = YES;
			};
			name = Release;
		};
		B8C1B723281A51E400820F2D /* Debug */ = {
			isa = XCBuildConfiguration;
			buildSettings = {
				ASSETCATALOG_COMPILER_APPICON_NAME = AppIcon;
				ASSETCATALOG_COMPILER_GLOBAL_ACCENT_COLOR_NAME = AccentColor;
				CODE_SIGN_STYLE = Automatic;
				CURRENT_PROJECT_VERSION = 1;
				GENERATE_INFOPLIST_FILE = YES;
				INFOPLIST_FILE = RestaurantList/Info.plist;
				INFOPLIST_KEY_UIApplicationSupportsIndirectInputEvents = YES;
				INFOPLIST_KEY_UILaunchStoryboardName = LaunchScreen;
				INFOPLIST_KEY_UIMainStoryboardFile = Main;
				INFOPLIST_KEY_UISupportedInterfaceOrientations_iPad = "UIInterfaceOrientationPortrait UIInterfaceOrientationPortraitUpsideDown UIInterfaceOrientationLandscapeLeft UIInterfaceOrientationLandscapeRight";
				INFOPLIST_KEY_UISupportedInterfaceOrientations_iPhone = "UIInterfaceOrientationPortrait UIInterfaceOrientationLandscapeLeft UIInterfaceOrientationLandscapeRight";
				LD_RUNPATH_SEARCH_PATHS = (
					"$(inherited)",
					"@executable_path/Frameworks",
				);
				MARKETING_VERSION = 1.0;
				PRODUCT_BUNDLE_IDENTIFIER = com.ZJapps.RestaurantList;
				PRODUCT_NAME = "$(TARGET_NAME)";
				SWIFT_EMIT_LOC_STRINGS = YES;
				SWIFT_VERSION = 5.0;
				TARGETED_DEVICE_FAMILY = "1,2";
			};
			name = Debug;
		};
		B8C1B724281A51E400820F2D /* Release */ = {
			isa = XCBuildConfiguration;
			buildSettings = {
				ASSETCATALOG_COMPILER_APPICON_NAME = AppIcon;
				ASSETCATALOG_COMPILER_GLOBAL_ACCENT_COLOR_NAME = AccentColor;
				CODE_SIGN_STYLE = Automatic;
				CURRENT_PROJECT_VERSION = 1;
				GENERATE_INFOPLIST_FILE = YES;
				INFOPLIST_FILE = RestaurantList/Info.plist;
				INFOPLIST_KEY_UIApplicationSupportsIndirectInputEvents = YES;
				INFOPLIST_KEY_UILaunchStoryboardName = LaunchScreen;
				INFOPLIST_KEY_UIMainStoryboardFile = Main;
				INFOPLIST_KEY_UISupportedInterfaceOrientations_iPad = "UIInterfaceOrientationPortrait UIInterfaceOrientationPortraitUpsideDown UIInterfaceOrientationLandscapeLeft UIInterfaceOrientationLandscapeRight";
				INFOPLIST_KEY_UISupportedInterfaceOrientations_iPhone = "UIInterfaceOrientationPortrait UIInterfaceOrientationLandscapeLeft UIInterfaceOrientationLandscapeRight";
				LD_RUNPATH_SEARCH_PATHS = (
					"$(inherited)",
					"@executable_path/Frameworks",
				);
				MARKETING_VERSION = 1.0;
				PRODUCT_BUNDLE_IDENTIFIER = com.ZJapps.RestaurantList;
				PRODUCT_NAME = "$(TARGET_NAME)";
				SWIFT_EMIT_LOC_STRINGS = YES;
				SWIFT_VERSION = 5.0;
				TARGETED_DEVICE_FAMILY = "1,2";
			};
			name = Release;
		};
/* End XCBuildConfiguration section */

/* Begin XCConfigurationList section */
		B8C1B709281A51E300820F2D /* Build configuration list for PBXProject "RestaurantList" */ = {
			isa = XCConfigurationList;
			buildConfigurations = (
				B8C1B720281A51E400820F2D /* Debug */,
				B8C1B721281A51E400820F2D /* Release */,
			);
			defaultConfigurationIsVisible = 0;
			defaultConfigurationName = Release;
		};
		B8C1B722281A51E400820F2D /* Build configuration list for PBXNativeTarget "RestaurantList" */ = {
			isa = XCConfigurationList;
			buildConfigurations = (
				B8C1B723281A51E400820F2D /* Debug */,
				B8C1B724281A51E400820F2D /* Release */,
			);
			defaultConfigurationIsVisible = 0;
			defaultConfigurationName = Release;
		};
/* End XCConfigurationList section */
	};
	rootObject = B8C1B706281A51E300820F2D /* Project object */;
}
